
Microsoft Visual Studio Solution File, Format Version 12.00
# Visual Studio Version 17
VisualStudioVersion = 17.5.002.0
MinimumVisualStudioVersion = 10.0.40219.1
Project("{2150E333-8FDC-42A3-9474-1A3956D46DE8}") = "apps", "apps", "{B59B0F75-1C84-4DAC-8AEA-83B909BDF7CA}"
EndProject
Project("{9A19103F-16F7-4668-BE54-9A1E7A4F7556}") = "TestAPIe", "apps\TestAPIe\TestAPIe.csproj", "{C7BD83C5-F99E-44DF-9E3C-3BBD525F7006}"
EndProject
Project("{2150E333-8FDC-42A3-9474-1A3956D46DE8}") = "infra", "infra", "{23833B5E-7A18-4572-8991-CBE6999E56F2}"
EndProject
Project("{2150E333-8FDC-42A3-9474-1A3956D46DE8}") = "node_modules", "node_modules", "{2DBB292A-A8A4-40C8-BD58-BA0A52016831}"
EndProject
Project("{2150E333-8FDC-42A3-9474-1A3956D46DE8}") = "aws-cdk", "aws-cdk", "{0CE81551-74FE-44E3-A9BB-F2194D5885E3}"
EndProject
Project("{2150E333-8FDC-42A3-9474-1A3956D46DE8}") = "lib", "lib", "{9B24D192-FB79-435D-A375-BA16B03123A0}"
EndProject
Project("{2150E333-8FDC-42A3-9474-1A3956D46DE8}") = "init-templates", "init-templates", "{208D6DC5-0979-4C99-90B2-EB7AD672B902}"
EndProject
Project("{2150E333-8FDC-42A3-9474-1A3956D46DE8}") = "sample-app", "sample-app", "{E3E5012B-17A6-452C-994C-A671961913EB}"
EndProject
Project("{2150E333-8FDC-42A3-9474-1A3956D46DE8}") = "csharp", "csharp", "{A65B7F12-8690-4D66-9219-8BC04FB8C30E}"
EndProject
Project("{2150E333-8FDC-42A3-9474-1A3956D46DE8}") = "src", "src", "{1E5EE4A9-A261-43DD-91C7-88505FA8BBF1}"
EndProject
Project("{9A19103F-16F7-4668-BE54-9A1E7A4F7556}") = "%name.PascalCased%.template", "infra\node_modules\aws-cdk\lib\init-templates\sample-app\csharp\src\%name.PascalCased%\%name.PascalCased%.template.csproj", "{F0123F95-AC8D-43D9-86CC-A1B05D454BB8}"
EndProject
Project("{2150E333-8FDC-42A3-9474-1A3956D46DE8}") = "app", "app", "{25F20DD4-5445-495E-9DA5-EADE37C343CC}"
EndProject
Project("{2150E333-8FDC-42A3-9474-1A3956D46DE8}") = "csharp", "csharp", "{CED22F08-FEB4-4339-85ED-20FB60BEB008}"
EndProject
Project("{2150E333-8FDC-42A3-9474-1A3956D46DE8}") = "src", "src", "{989FF9B2-98AD-401C-AC46-A389A817FBA5}"
EndProject
Project("{9A19103F-16F7-4668-BE54-9A1E7A4F7556}") = "%name.PascalCased%.template", "infra\node_modules\aws-cdk\lib\init-templates\app\csharp\src\%name.PascalCased%\%name.PascalCased%.template.csproj", "{2659A629-9BDA-4388-BA4F-D87779419D90}"
EndProject
Global
	GlobalSection(SolutionConfigurationPlatforms) = preSolution
		Debug|Any CPU = Debug|Any CPU
		Release|Any CPU = Release|Any CPU
	EndGlobalSection
	GlobalSection(ProjectConfigurationPlatforms) = postSolution
		{C7BD83C5-F99E-44DF-9E3C-3BBD525F7006}.Debug|Any CPU.ActiveCfg = Debug|Any CPU
		{C7BD83C5-F99E-44DF-9E3C-3BBD525F7006}.Debug|Any CPU.Build.0 = Debug|Any CPU
		{C7BD83C5-F99E-44DF-9E3C-3BBD525F7006}.Release|Any CPU.ActiveCfg = Release|Any CPU
		{C7BD83C5-F99E-44DF-9E3C-3BBD525F7006}.Release|Any CPU.Build.0 = Release|Any CPU
		{F0123F95-AC8D-43D9-86CC-A1B05D454BB8}.Debug|Any CPU.ActiveCfg = Debug|Any CPU
		{F0123F95-AC8D-43D9-86CC-A1B05D454BB8}.Debug|Any CPU.Build.0 = Debug|Any CPU
		{F0123F95-AC8D-43D9-86CC-A1B05D454BB8}.Release|Any CPU.ActiveCfg = Release|Any CPU
		{F0123F95-AC8D-43D9-86CC-A1B05D454BB8}.Release|Any CPU.Build.0 = Release|Any CPU
		{2659A629-9BDA-4388-BA4F-D87779419D90}.Debug|Any CPU.ActiveCfg = Debug|Any CPU
		{2659A629-9BDA-4388-BA4F-D87779419D90}.Debug|Any CPU.Build.0 = Debug|Any CPU
		{2659A629-9BDA-4388-BA4F-D87779419D90}.Release|Any CPU.ActiveCfg = Release|Any CPU
		{2659A629-9BDA-4388-BA4F-D87779419D90}.Release|Any CPU.Build.0 = Release|Any CPU
	EndGlobalSection
	GlobalSection(SolutionProperties) = preSolution
		HideSolutionNode = FALSE
	EndGlobalSection
	GlobalSection(NestedProjects) = preSolution
		{C7BD83C5-F99E-44DF-9E3C-3BBD525F7006} = {B59B0F75-1C84-4DAC-8AEA-83B909BDF7CA}
		{2DBB292A-A8A4-40C8-BD58-BA0A52016831} = {23833B5E-7A18-4572-8991-CBE6999E56F2}
		{0CE81551-74FE-44E3-A9BB-F2194D5885E3} = {2DBB292A-A8A4-40C8-BD58-BA0A52016831}
		{9B24D192-FB79-435D-A375-BA16B03123A0} = {0CE81551-74FE-44E3-A9BB-F2194D5885E3}
		{208D6DC5-0979-4C99-90B2-EB7AD672B902} = {9B24D192-FB79-435D-A375-BA16B03123A0}
		{E3E5012B-17A6-452C-994C-A671961913EB} = {208D6DC5-0979-4C99-90B2-EB7AD672B902}
		{A65B7F12-8690-4D66-9219-8BC04FB8C30E} = {E3E5012B-17A6-452C-994C-A671961913EB}
		{1E5EE4A9-A261-43DD-91C7-88505FA8BBF1} = {A65B7F12-8690-4D66-9219-8BC04FB8C30E}
		{F0123F95-AC8D-43D9-86CC-A1B05D454BB8} = {1E5EE4A9-A261-43DD-91C7-88505FA8BBF1}
		{25F20DD4-5445-495E-9DA5-EADE37C343CC} = {208D6DC5-0979-4C99-90B2-EB7AD672B902}
		{CED22F08-FEB4-4339-85ED-20FB60BEB008} = {25F20DD4-5445-495E-9DA5-EADE37C343CC}
		{989FF9B2-98AD-401C-AC46-A389A817FBA5} = {CED22F08-FEB4-4339-85ED-20FB60BEB008}
		{2659A629-9BDA-4388-BA4F-D87779419D90} = {989FF9B2-98AD-401C-AC46-A389A817FBA5}
	EndGlobalSection
	GlobalSection(ExtensibilityGlobals) = postSolution
		SolutionGuid = {33771CBC-1E20-4051-9310-327A817D5D1A}
	EndGlobalSection
EndGlobal
